{
  "nodes": {
    "cntopo": {
      "inputs": {
        "nixpkgs": [
          "nixpkgs"
        ]
      },
      "locked": {
        "lastModified": 1790240387,
        "narHash": "sha256-uB3eJse2GDak+uDYAWRPEWb5ueCupH0qgT+eh2LqhpU=",
        "owner": "omega-800",
        "repo": "cntopo-typ",
        "rev": "70063e0f4705b9cc556316b9bd90a4e26f317e36",
        "type": "github"
      },
      "original": {
        "owner": "omega-800",
        "repo": "cntopo-typ",
        "type": "github"
      }
    },
    "flake-compat": {
      "flake": false,
      "locked": {
        "lastModified": 1767039857,
        "narHash": "sha256-vNpUSpF5Nuw8xvDLj2KCwwksIbjua2LZCqhV1LNRDns=",
        "owner": "NixOS",
        "repo": "flake-compat",
        "rev": "5edf11c44bc78a0d334f6334cdaf7d60d732daab",
        "type": "github"
      },
      "original": {
        "owner": "NixOS",
        "repo": "flake-compat",
        "type": "github"
      }
    },
    "nixpkgs": {
      "locked": {
        "lastModified": 1790578696,
        "narHash": "sha256-ZoxIApko70jCdbH3l20HWXOBaT2HZd87orzd2yJ9dVE=",
        "owner": "NixOS",
        "repo": "nixpkgs",
        "rev": "7a0f122f5090cf4c2ade2a13a0e229d4e19ba71f",
        "type": "github"
      },
      "original": {
        "owner": "NixOS",
        "ref": "nixos-unstable",
        "repo": "nixpkgs",
        "type": "github"
      }
    },
    "pre-commit-hooks": {
      "inputs": {
        "flake-compat": "flake-compat",
        "nixpkgs": [
          "nixpkgs"
        ]
      },
      "locked": {
        "lastModified": 1790500375,
        "narHash": "sha256-XN3sDtn8TU9hAc9xqZ+SqRB/HHm2wjxM6aSWYLJU+oo=",
        "owner": "cachix",
        "repo": "git-hooks.nix",
        "rev": "a0e4241b51206fbcbf52fd322eb5f0cd80f153c4",
        "type": "github"
      },
      "original": {
        "owner": "cachix",
        "repo": "git-hooks.nix",
        "type": "github"
      }
    },
    "pt3d": {
      "inputs": {
        "nixpkgs": [
          "nixpkgs"
        ]
      },
      "locked": {
        "lastModified": 1777587404,
        "narHash": "sha256-HGNdAFUhkpLOjR0I0Tx4zAH9RFNiZuqlO9auLWLsEBU=",
        "owner": "omega-800",
        "repo": "pt3d",
        "rev": "6923e6c5a395a5e2b408f55f6a141bb17b14aee8",
        "type": "github"
      },
      "original": {
        "owner": "omega-800",
        "repo": "pt3d",
        "type": "github"
      }
    },
    "root": {
      "inputs": {
        "cntopo": "cntopo",
        "nixpkgs": "nixpkgs",
        "pre-commit-hooks": "pre-commit-hooks",
        "pt3d": "pt3d",
        "tanki": "tanki",
        "treefmt-nix": "treefmt-nix",
        "typix": "typix"
      }
    },
    "rust-overlay": {
      "inputs": {
        "nixpkgs": [
          "tanki",
          "nixpkgs"
        ]
      },
      "locked": {
        "lastModified": 1771470520,
        "narHash": "sha256-PvytHcaYN5cPUll7FB70mXv1rRsIBRmu47fFfq3haxA=",
        "owner": "oxalica",
        "repo": "rust-overlay",
        "rev": "a1d4cc1f264c45d3745af0d2ca5e59d460e58777",
        "type": "github"
      },
      "original": {
        "owner": "oxalica",
        "repo": "rust-overlay",
        "type": "github"
      }
    },
    "tanki": {
      "inputs": {
        "nixpkgs": [
          "nixpkgs"
        ],
        "rust-overlay": "rust-overlay"
      },
      "locked": {
        "lastModified": 1775851969,
        "narHash": "sha256-Oq1gR4aQXSEADOBMgy3J+y6NS8WmVL1Vl4DZNb+ia9A=",
        "owner": "omega-800",
        "repo": "tanki",
        "rev": "7b0f13c23e18f0ae00d7a1eb5c0ceea4045fbaf1",
        "type": "github"
      },
      "original": {
        "owner": "omega-800",
        "repo": "tanki",
        "type": "github"
      }
    },
    "treefmt-nix": {
      "inputs": {
        "nixpkgs": [
          "nixpkgs"
        ]
      },
      "locked": {
        "lastModified": 1786901030,
        "narHash": "sha256-WSFCsDSE5ffgD2MqzkM2CYjeFiKhRF/dJUN8uedb6YE=",
        "owner": "numtide",
        "repo": "treefmt-nix",
        "rev": "27b3b12a8e6375f28ebe122f07d230ca5459bbfa",
        "type": "github"
      },
      "original": {
        "owner": "numtide",
        "repo": "treefmt-nix",
        "type": "github"
      }
    },
    "typix": {
      "inputs": {
        "nixpkgs": [
          "nixpkgs"
        ]
      },
      "locked": {
        "lastModified": 1790084353,
        "narHash": "sha256-67nG+RUuzCIm57BMu7TXAavjGxwRwWsnZuUF4Wq93MQ=",
        "owner": "loqusion",
        "repo": "typix",
        "rev": "0f2673329b4582c8024b3455f70b50a3c9fc30d2",
        "type": "github"
      },
      "original": {
        "owner": "loqusion",
        "repo": "typix",
        "type": "github"
      }
    }
  },
  "root": "root",
  "version": 7
}
